
Microsoft Visual Studio Solution File, Format Version 12.00
# Visual Studio Version 17
VisualStudioVersion = 17.0.31919.166
MinimumVisualStudioVersion = 10.0.40219.1
Project("{FAE04EC0-301F-11D3-BF4B-00C04F79EFBC}") = "ChromeControl", "ChromeControl\ChromeControl.csproj", "{46990296-0F5C-44D3-A1AC-B7FF7E46500E}"
EndProject
Project("{FAE04EC0-301F-11D3-BF4B-00C04F79EFBC}") = "ChromeControl.TestApp", "ChromeControl.TestApp\ChromeControl.TestApp.csproj", "{7759FB0F-DA90-4447-8B61-D2FC5C261FAC}"
EndProject
Global
	GlobalSection(SolutionConfigurationPlatforms) = preSolution
		Debug|Any CPU = Debug|Any CPU
		Release|Any CPU = Release|Any CPU
	EndGlobalSection
	GlobalSection(ProjectConfigurationPlatforms) = postSolution
		{46990296-0F5C-44D3-A1AC-B7FF7E46500E}.Debug|Any CPU.ActiveCfg = Debug|Any CPU
		{46990296-0F5C-44D3-A1AC-B7FF7E46500E}.Debug|Any CPU.Build.0 = Debug|Any CPU
		{46990296-0F5C-44D3-A1AC-B7FF7E46500E}.Release|Any CPU.ActiveCfg = Release|Any CPU
		{46990296-0F5C-44D3-A1AC-B7FF7E46500E}.Release|Any CPU.Build.0 = Release|Any CPU
		{7759FB0F-DA90-4447-8B61-D2FC5C261FAC}.Debug|Any CPU.ActiveCfg = Debug|Any CPU
		{7759FB0F-DA90-4447-8B61-D2FC5C261FAC}.Debug|Any CPU.Build.0 = Debug|Any CPU
		{7759FB0F-DA90-4447-8B61-D2FC5C261FAC}.Release|Any CPU.ActiveCfg = Release|Any CPU
		{7759FB0F-DA90-4447-8B61-D2FC5C261FAC}.Release|Any CPU.Build.0 = Release|Any CPU
	EndGlobalSection
	GlobalSection(SolutionProperties) = preSolution
		HideSolutionNode = FALSE
	EndGlobalSection
	GlobalSection(ExtensibilityGlobals) = postSolution
		SolutionGuid = {FAD707E1-AFBC-408A-BEF7-8E7A36E62478}
	EndGlobalSection
EndGlobal
